
Microsoft Visual Studio Solution File, Format Version 12.00
# Visual Studio 15
VisualStudioVersion = 15.0.26124.0
MinimumVisualStudioVersion = 15.0.26124.0
Project("{FAE04EC0-301F-11D3-BF4B-00C04F79EFBC}") = "LinqToElk", "LinqToElk\LinqToElk.csproj", "{98E6B672-572F-485B-A6A3-7C34B59DABE5}"
EndProject
Project("{FAE04EC0-301F-11D3-BF4B-00C04F79EFBC}") = "LinqToElk.Tests", "LinqToElk.Tests\LinqToElk.Tests.csproj", "{4DCFC08A-25A3-4CD4-942E-AC4F9C69762B}"
EndProject
Global
	GlobalSection(SolutionConfigurationPlatforms) = preSolution
		Debug|Any CPU = Debug|Any CPU
		Debug|x64 = Debug|x64
		Debug|x86 = Debug|x86
		Release|Any CPU = Release|Any CPU
		Release|x64 = Release|x64
		Release|x86 = Release|x86
	EndGlobalSection
	GlobalSection(SolutionProperties) = preSolution
		HideSolutionNode = FALSE
	EndGlobalSection
	GlobalSection(ProjectConfigurationPlatforms) = postSolution
		{98E6B672-572F-485B-A6A3-7C34B59DABE5}.Debug|Any CPU.ActiveCfg = Debug|Any CPU
		{98E6B672-572F-485B-A6A3-7C34B59DABE5}.Debug|Any CPU.Build.0 = Debug|Any CPU
		{98E6B672-572F-485B-A6A3-7C34B59DABE5}.Debug|x64.ActiveCfg = Debug|Any CPU
		{98E6B672-572F-485B-A6A3-7C34B59DABE5}.Debug|x64.Build.0 = Debug|Any CPU
		{98E6B672-572F-485B-A6A3-7C34B59DABE5}.Debug|x86.ActiveCfg = Debug|Any CPU
		{98E6B672-572F-485B-A6A3-7C34B59DABE5}.Debug|x86.Build.0 = Debug|Any CPU
		{98E6B672-572F-485B-A6A3-7C34B59DABE5}.Release|Any CPU.ActiveCfg = Release|Any CPU
		{98E6B672-572F-485B-A6A3-7C34B59DABE5}.Release|Any CPU.Build.0 = Release|Any CPU
		{98E6B672-572F-485B-A6A3-7C34B59DABE5}.Release|x64.ActiveCfg = Release|Any CPU
		{98E6B672-572F-485B-A6A3-7C34B59DABE5}.Release|x64.Build.0 = Release|Any CPU
		{98E6B672-572F-485B-A6A3-7C34B59DABE5}.Release|x86.ActiveCfg = Release|Any CPU
		{98E6B672-572F-485B-A6A3-7C34B59DABE5}.Release|x86.Build.0 = Release|Any CPU
		{4DCFC08A-25A3-4CD4-942E-AC4F9C69762B}.Debug|Any CPU.ActiveCfg = Debug|Any CPU
		{4DCFC08A-25A3-4CD4-942E-AC4F9C69762B}.Debug|Any CPU.Build.0 = Debug|Any CPU
		{4DCFC08A-25A3-4CD4-942E-AC4F9C69762B}.Debug|x64.ActiveCfg = Debug|Any CPU
		{4DCFC08A-25A3-4CD4-942E-AC4F9C69762B}.Debug|x64.Build.0 = Debug|Any CPU
		{4DCFC08A-25A3-4CD4-942E-AC4F9C69762B}.Debug|x86.ActiveCfg = Debug|Any CPU
		{4DCFC08A-25A3-4CD4-942E-AC4F9C69762B}.Debug|x86.Build.0 = Debug|Any CPU
		{4DCFC08A-25A3-4CD4-942E-AC4F9C69762B}.Release|Any CPU.ActiveCfg = Release|Any CPU
		{4DCFC08A-25A3-4CD4-942E-AC4F9C69762B}.Release|Any CPU.Build.0 = Release|Any CPU
		{4DCFC08A-25A3-4CD4-942E-AC4F9C69762B}.Release|x64.ActiveCfg = Release|Any CPU
		{4DCFC08A-25A3-4CD4-942E-AC4F9C69762B}.Release|x64.Build.0 = Release|Any CPU
		{4DCFC08A-25A3-4CD4-942E-AC4F9C69762B}.Release|x86.ActiveCfg = Release|Any CPU
		{4DCFC08A-25A3-4CD4-942E-AC4F9C69762B}.Release|x86.Build.0 = Release|Any CPU
	EndGlobalSection
EndGlobal
